
Microsoft Visual Studio Solution File, Format Version 12.00
# Visual Studio Version 17
VisualStudioVersion = 17.13.35818.85 d17.13
MinimumVisualStudioVersion = 10.0.40219.1
Project("{FAE04EC0-301F-11D3-BF4B-00C04F79EFBC}") = "WebDevCrafts", "WebDevCrafts\WebDevCrafts.csproj", "{74F493D8-D9E9-4EA7-B0CB-5282182C6B42}"
EndProject
Global
	GlobalSection(SolutionConfigurationPlatforms) = preSolution
		Debug|Any CPU = Debug|Any CPU
		Release|Any CPU = Release|Any CPU
	EndGlobalSection
	GlobalSection(ProjectConfigurationPlatforms) = postSolution
		{74F493D8-D9E9-4EA7-B0CB-5282182C6B42}.Debug|Any CPU.ActiveCfg = Debug|Any CPU
		{74F493D8-D9E9-4EA7-B0CB-5282182C6B42}.Debug|Any CPU.Build.0 = Debug|Any CPU
		{74F493D8-D9E9-4EA7-B0CB-5282182C6B42}.Release|Any CPU.ActiveCfg = Release|Any CPU
		{74F493D8-D9E9-4EA7-B0CB-5282182C6B42}.Release|Any CPU.Build.0 = Release|Any CPU
	EndGlobalSection
	GlobalSection(SolutionProperties) = preSolution
		HideSolutionNode = FALSE
	EndGlobalSection
	GlobalSection(ExtensibilityGlobals) = postSolution
		SolutionGuid = {7B83EB28-442A-4FFA-BC5B-FD8415C2F206}
	EndGlobalSection
EndGlobal
